
Microsoft Visual Studio Solution File, Format Version 12.00
# Visual Studio Version 16
VisualStudioVersion = 16.0.29503.13
MinimumVisualStudioVersion = 10.0.40219.1
Project("{FAE04EC0-301F-11D3-BF4B-00C04F79EFBC}") = "LinearDataStructures", "LinearDataStructures\LinearDataStructures.csproj", "{B6527244-0C25-4118-A06B-1BAFD58A69E7}"
EndProject
Global
	GlobalSection(SolutionConfigurationPlatforms) = preSolution
		Debug|Any CPU = Debug|Any CPU
		Release|Any CPU = Release|Any CPU
	EndGlobalSection
	GlobalSection(ProjectConfigurationPlatforms) = postSolution
		{B6527244-0C25-4118-A06B-1BAFD58A69E7}.Debug|Any CPU.ActiveCfg = Debug|Any CPU
		{B6527244-0C25-4118-A06B-1BAFD58A69E7}.Debug|Any CPU.Build.0 = Debug|Any CPU
		{B6527244-0C25-4118-A06B-1BAFD58A69E7}.Release|Any CPU.ActiveCfg = Release|Any CPU
		{B6527244-0C25-4118-A06B-1BAFD58A69E7}.Release|Any CPU.Build.0 = Release|Any CPU
	EndGlobalSection
	GlobalSection(SolutionProperties) = preSolution
		HideSolutionNode = FALSE
	EndGlobalSection
	GlobalSection(ExtensibilityGlobals) = postSolution
		SolutionGuid = {05A924FA-8E37-4F4F-B363-5B64A179FC1D}
	EndGlobalSection
EndGlobal
